// !$*UTF8*$!
{
	archiveVersion = 1;
	classes = {
	};
	objectVersion = 56;
	objects = {

/* Begin PBXBuildFile section */
		151C2CE02CB1E34C00FDEB66 /* MovieDetailsViewController.swift in Sources */ = {isa = PBXBuildFile; fileRef = 151C2CDF2CB1E34C00FDEB66 /* MovieDetailsViewController.swift */; };
		15931D2A2CB1B6F400927DBE /* AppDelegate.swift in Sources */ = {isa = PBXBuildFile; fileRef = 15931D292CB1B6F400927DBE /* AppDelegate.swift */; };
		15931D2C2CB1B6F400927DBE /* SceneDelegate .swift in Sources */ = {isa = PBXBuildFile; fileRef = 15931D2B2CB1B6F400927DBE /* SceneDelegate .swift */; };
		15931D2E2CB1B6F400927DBE /* MoviesViewController.swift in Sources */ = {isa = PBXBuildFile; fileRef = 15931D2D2CB1B6F400927DBE /* MoviesViewController.swift */; };
		15931D312CB1B6F400927DBE /* Base in Resources */ = {isa = PBXBuildFile; fileRef = 15931D302CB1B6F400927DBE /* Base */; };
		15931D362CB1B6F600927DBE /* Assets.xcassets in Resources */ = {isa = PBXBuildFile; fileRef = 15931D352CB1B6F600927DBE /* Assets.xcassets */; };
		15931D392CB1B6F600927DBE /* Base in Resources */ = {isa = PBXBuildFile; fileRef = 15931D382CB1B6F600927DBE /* Base */; };
		15931D442CB1B6F600927DBE /* Banque_Misr___iOS_ExerciseTests.swift in Sources */ = {isa = PBXBuildFile; fileRef = 15931D432CB1B6F600927DBE /* Banque_Misr___iOS_ExerciseTests.swift */; };
		15931D4E2CB1B6F600927DBE /* Banque_Misr___iOS_ExerciseUITests.swift in Sources */ = {isa = PBXBuildFile; fileRef = 15931D4D2CB1B6F600927DBE /* Banque_Misr___iOS_ExerciseUITests.swift */; };
		15931D502CB1B6F600927DBE /* Banque_Misr___iOS_ExerciseUITestsLaunchTests.swift in Sources */ = {isa = PBXBuildFile; fileRef = 15931D4F2CB1B6F600927DBE /* Banque_Misr___iOS_ExerciseUITestsLaunchTests.swift */; };
		15ADD2C92CB22D38000B57E5 /* Connectivty.swift in Sources */ = {isa = PBXBuildFile; fileRef = 15ADD2C82CB22D38000B57E5 /* Connectivty.swift */; };
		15ADD2CF2CB24267000B57E5 /* AppCoordinator.swift in Sources */ = {isa = PBXBuildFile; fileRef = 15ADD2CE2CB24267000B57E5 /* AppCoordinator.swift */; };
		15ADD2D12CB2451D000B57E5 /* MessageType.swift in Sources */ = {isa = PBXBuildFile; fileRef = 15ADD2D02CB2451D000B57E5 /* MessageType.swift */; };
		15ADD2DF2CB263A8000B57E5 /* CoreDataManager.swift in Sources */ = {isa = PBXBuildFile; fileRef = 15ADD2DE2CB263A8000B57E5 /* CoreDataManager.swift */; };
		15ADD2E92CB29652000B57E5 /* MovieDetailModel.swift in Sources */ = {isa = PBXBuildFile; fileRef = 15ADD2E82CB29652000B57E5 /* MovieDetailModel.swift */; };
		15ADD2EF2CB2B047000B57E5 /* BanqueMisriOSExercise.xcdatamodeld in Sources */ = {isa = PBXBuildFile; fileRef = 15ADD2ED2CB2B047000B57E5 /* BanqueMisriOSExercise.xcdatamodeld */; };
		15ADD3022CB2D588000B57E5 /* MoviesViewModel.swift in Sources */ = {isa = PBXBuildFile; fileRef = 15ADD3012CB2D588000B57E5 /* MoviesViewModel.swift */; };
		15ADD3052CB2E914000B57E5 /* ImageLoader.swift in Sources */ = {isa = PBXBuildFile; fileRef = 15ADD3042CB2E914000B57E5 /* ImageLoader.swift */; };
		15ADD3082CB2E9F1000B57E5 /* MovieFetchProtocol.swift in Sources */ = {isa = PBXBuildFile; fileRef = 15ADD3072CB2E9F1000B57E5 /* MovieFetchProtocol.swift */; };
		15ADD30A2CB2EA3A000B57E5 /* ImageLoadingProtocol.swift in Sources */ = {isa = PBXBuildFile; fileRef = 15ADD3092CB2EA3A000B57E5 /* ImageLoadingProtocol.swift */; };
		15C45E152CB2EAF100043339 /* NetworkMonitorProtocol.swift in Sources */ = {isa = PBXBuildFile; fileRef = 15C45E142CB2EAF100043339 /* NetworkMonitorProtocol.swift */; };
		15C45E172CB2EB6E00043339 /* MovieEntityType.swift in Sources */ = {isa = PBXBuildFile; fileRef = 15C45E162CB2EB6E00043339 /* MovieEntityType.swift */; };
		15C45E192CB2EC2D00043339 /* CoreDataManagerProtocol.swift in Sources */ = {isa = PBXBuildFile; fileRef = 15C45E182CB2EC2D00043339 /* CoreDataManagerProtocol.swift */; };
		15C45E1C2CB2F21200043339 /* MovieDetailsViewModel.swift in Sources */ = {isa = PBXBuildFile; fileRef = 15C45E1B2CB2F21200043339 /* MovieDetailsViewModel.swift */; };
		15CA47602CB1D003001175A0 /* NetworkManager.swift in Sources */ = {isa = PBXBuildFile; fileRef = 15CA475F2CB1D003001175A0 /* NetworkManager.swift */; };
		15CA47632CB1D02E001175A0 /* MoviesModel.swift in Sources */ = {isa = PBXBuildFile; fileRef = 15CA47622CB1D02E001175A0 /* MoviesModel.swift */; };
		15CA47652CB1D050001175A0 /* MovieCategory.swift in Sources */ = {isa = PBXBuildFile; fileRef = 15CA47642CB1D050001175A0 /* MovieCategory.swift */; };
		15CC51772CB1BDA000A41E72 /* MovieCollectionViewCell.swift in Sources */ = {isa = PBXBuildFile; fileRef = 15CC51762CB1BDA000A41E72 /* MovieCollectionViewCell.swift */; };
/* End PBXBuildFile section */

/* Begin PBXContainerItemProxy section */
		15931D402CB1B6F600927DBE /* PBXContainerItemProxy */ = {
			isa = PBXContainerItemProxy;
			containerPortal = 15931D1E2CB1B6F400927DBE /* Project object */;
			proxyType = 1;
			remoteGlobalIDString = 15931D252CB1B6F400927DBE;
			remoteInfo = "Banque Misr - iOS Exercise";
		};
		15931D4A2CB1B6F600927DBE /* PBXContainerItemProxy */ = {
			isa = PBXContainerItemProxy;
			containerPortal = 15931D1E2CB1B6F400927DBE /* Project object */;
			proxyType = 1;
			remoteGlobalIDString = 15931D252CB1B6F400927DBE;
			remoteInfo = "Banque Misr - iOS Exercise";
		};
/* End PBXContainerItemProxy section */

/* Begin PBXFileReference section */
		151C2CDF2CB1E34C00FDEB66 /* MovieDetailsViewController.swift */ = {isa = PBXFileReference; lastKnownFileType = sourcecode.swift; path = MovieDetailsViewController.swift; sourceTree = "<group>"; };
		15931D262CB1B6F400927DBE /* Banque Misr - iOS Exercise.app */ = {isa = PBXFileReference; explicitFileType = wrapper.application; includeInIndex = 0; path = "Banque Misr - iOS Exercise.app"; sourceTree = BUILT_PRODUCTS_DIR; };
		15931D292CB1B6F400927DBE /* AppDelegate.swift */ = {isa = PBXFileReference; lastKnownFileType = sourcecode.swift; path = AppDelegate.swift; sourceTree = "<group>"; };
		15931D2B2CB1B6F400927DBE /* SceneDelegate .swift */ = {isa = PBXFileReference; lastKnownFileType = sourcecode.swift; path = "SceneDelegate .swift"; sourceTree = "<group>"; };
		15931D2D2CB1B6F400927DBE /* MoviesViewController.swift */ = {isa = PBXFileReference; lastKnownFileType = sourcecode.swift; path = MoviesViewController.swift; sourceTree = "<group>"; };
		15931D302CB1B6F400927DBE /* Base */ = {isa = PBXFileReference; lastKnownFileType = file.storyboard; name = Base; path = Base.lproj/Main.storyboard; sourceTree = "<group>"; };
		15931D352CB1B6F600927DBE /* Assets.xcassets */ = {isa = PBXFileReference; lastKnownFileType = folder.assetcatalog; path = Assets.xcassets; sourceTree = "<group>"; };
		15931D382CB1B6F600927DBE /* Base */ = {isa = PBXFileReference; lastKnownFileType = file.storyboard; name = Base; path = Base.lproj/LaunchScreen.storyboard; sourceTree = "<group>"; };
		15931D3A2CB1B6F600927DBE /* Info.plist */ = {isa = PBXFileReference; lastKnownFileType = text.plist.xml; path = Info.plist; sourceTree = "<group>"; };
		15931D3F2CB1B6F600927DBE /* Banque Misr - iOS ExerciseTests.xctest */ = {isa = PBXFileReference; explicitFileType = wrapper.cfbundle; includeInIndex = 0; path = "Banque Misr - iOS ExerciseTests.xctest"; sourceTree = BUILT_PRODUCTS_DIR; };
		15931D432CB1B6F600927DBE /* Banque_Misr___iOS_ExerciseTests.swift */ = {isa = PBXFileReference; lastKnownFileType = sourcecode.swift; path = "Banque_Misr___iOS_ExerciseTests.swift"; sourceTree = "<group>"; };
		15931D492CB1B6F600927DBE /* Banque Misr - iOS ExerciseUITests.xctest */ = {isa = PBXFileReference; explicitFileType = wrapper.cfbundle; includeInIndex = 0; path = "Banque Misr - iOS ExerciseUITests.xctest"; sourceTree = BUILT_PRODUCTS_DIR; };
		15931D4D2CB1B6F600927DBE /* Banque_Misr___iOS_ExerciseUITests.swift */ = {isa = PBXFileReference; lastKnownFileType = sourcecode.swift; path = "Banque_Misr___iOS_ExerciseUITests.swift"; sourceTree = "<group>"; };
		15931D4F2CB1B6F600927DBE /* Banque_Misr___iOS_ExerciseUITestsLaunchTests.swift */ = {isa = PBXFileReference; lastKnownFileType = sourcecode.swift; path = "Banque_Misr___iOS_ExerciseUITestsLaunchTests.swift"; sourceTree = "<group>"; };
		15ADD2C82CB22D38000B57E5 /* Connectivty.swift */ = {isa = PBXFileReference; lastKnownFileType = sourcecode.swift; path = Connectivty.swift; sourceTree = "<group>"; };
		15ADD2CE2CB24267000B57E5 /* AppCoordinator.swift */ = {isa = PBXFileReference; lastKnownFileType = sourcecode.swift; path = AppCoordinator.swift; sourceTree = "<group>"; };
		15ADD2D02CB2451D000B57E5 /* MessageType.swift */ = {isa = PBXFileReference; lastKnownFileType = sourcecode.swift; path = MessageType.swift; sourceTree = "<group>"; };
		15ADD2DE2CB263A8000B57E5 /* CoreDataManager.swift */ = {isa = PBXFileReference; fileEncoding = 4; lastKnownFileType = sourcecode.swift; path = CoreDataManager.swift; sourceTree = "<group>"; };
		15ADD2E82CB29652000B57E5 /* MovieDetailModel.swift */ = {isa = PBXFileReference; lastKnownFileType = sourcecode.swift; path = MovieDetailModel.swift; sourceTree = "<group>"; };
		15ADD2EE2CB2B047000B57E5 /* Banque_Misr___iOS_Exercise.xcdatamodel */ = {isa = PBXFileReference; lastKnownFileType = wrapper.xcdatamodel; path = "Banque_Misr___iOS_Exercise.xcdatamodel"; sourceTree = "<group>"; };
		15ADD3012CB2D588000B57E5 /* MoviesViewModel.swift */ = {isa = PBXFileReference; lastKnownFileType = sourcecode.swift; path = MoviesViewModel.swift; sourceTree = "<group>"; };
		15ADD3042CB2E914000B57E5 /* ImageLoader.swift */ = {isa = PBXFileReference; lastKnownFileType = sourcecode.swift; path = ImageLoader.swift; sourceTree = "<group>"; };
		15ADD3072CB2E9F1000B57E5 /* MovieFetchProtocol.swift */ = {isa = PBXFileReference; lastKnownFileType = sourcecode.swift; path = MovieFetchProtocol.swift; sourceTree = "<group>"; };
		15ADD3092CB2EA3A000B57E5 /* ImageLoadingProtocol.swift */ = {isa = PBXFileReference; lastKnownFileType = sourcecode.swift; path = ImageLoadingProtocol.swift; sourceTree = "<group>"; };
		15C45E142CB2EAF100043339 /* NetworkMonitorProtocol.swift */ = {isa = PBXFileReference; lastKnownFileType = sourcecode.swift; path = NetworkMonitorProtocol.swift; sourceTree = "<group>"; };
		15C45E162CB2EB6E00043339 /* MovieEntityType.swift */ = {isa = PBXFileReference; lastKnownFileType = sourcecode.swift; path = MovieEntityType.swift; sourceTree = "<group>"; };
		15C45E182CB2EC2D00043339 /* CoreDataManagerProtocol.swift */ = {isa = PBXFileReference; lastKnownFileType = sourcecode.swift; path = CoreDataManagerProtocol.swift; sourceTree = "<group>"; };
		15C45E1B2CB2F21200043339 /* MovieDetailsViewModel.swift */ = {isa = PBXFileReference; lastKnownFileType = sourcecode.swift; path = MovieDetailsViewModel.swift; sourceTree = "<group>"; };
		15CA475F2CB1D003001175A0 /* NetworkManager.swift */ = {isa = PBXFileReference; lastKnownFileType = sourcecode.swift; path = NetworkManager.swift; sourceTree = "<group>"; };
		15CA47622CB1D02E001175A0 /* MoviesModel.swift */ = {isa = PBXFileReference; lastKnownFileType = sourcecode.swift; path = MoviesModel.swift; sourceTree = "<group>"; };
		15CA47642CB1D050001175A0 /* MovieCategory.swift */ = {isa = PBXFileReference; lastKnownFileType = sourcecode.swift; path = MovieCategory.swift; sourceTree = "<group>"; };
		15CC51762CB1BDA000A41E72 /* MovieCollectionViewCell.swift */ = {isa = PBXFileReference; lastKnownFileType = sourcecode.swift; path = MovieCollectionViewCell.swift; sourceTree = "<group>"; };
/* End PBXFileReference section */

/* Begin PBXFrameworksBuildPhase section */
		15931D232CB1B6F400927DBE /* Frameworks */ = {
			isa = PBXFrameworksBuildPhase;
			buildActionMask = 2147483647;
			files = (
			);
			runOnlyForDeploymentPostprocessing = 0;
		};
		15931D3C2CB1B6F600927DBE /* Frameworks */ = {
			isa = PBXFrameworksBuildPhase;
			buildActionMask = 2147483647;
			files = (
			);
			runOnlyForDeploymentPostprocessing = 0;
		};
		15931D462CB1B6F600927DBE /* Frameworks */ = {
			isa = PBXFrameworksBuildPhase;
			buildActionMask = 2147483647;
			files = (
			);
			runOnlyForDeploymentPostprocessing = 0;
		};
/* End PBXFrameworksBuildPhase section */

/* Begin PBXGroup section */
		15931D1D2CB1B6F400927DBE = {
			isa = PBXGroup;
			children = (
				15931D282CB1B6F400927DBE /* Banque Misr - iOS Exercise */,
				15931D422CB1B6F600927DBE /* Banque Misr - iOS ExerciseTests */,
				15931D4C2CB1B6F600927DBE /* Banque Misr - iOS ExerciseUITests */,
				15931D272CB1B6F400927DBE /* Products */,
			);
			sourceTree = "<group>";
		};
		15931D272CB1B6F400927DBE /* Products */ = {
			isa = PBXGroup;
			children = (
				15931D262CB1B6F400927DBE /* Banque Misr - iOS Exercise.app */,
				15931D3F2CB1B6F600927DBE /* Banque Misr - iOS ExerciseTests.xctest */,
				15931D492CB1B6F600927DBE /* Banque Misr - iOS ExerciseUITests.xctest */,
			);
			name = Products;
			sourceTree = "<group>";
		};
		15931D282CB1B6F400927DBE /* Banque Misr - iOS Exercise */ = {
			isa = PBXGroup;
			children = (
				15931D3A2CB1B6F600927DBE /* Info.plist */,
				15ADD2F72CB2BDC3000B57E5 /* Application */,
				15ADD2F12CB2BB2C000B57E5 /* Domain */,
				15ADD2F42CB2BB97000B57E5 /* Infrastructure */,
				15ADD2F52CB2BC05000B57E5 /* Presentation */,
				15ADD2FF2CB2BFFE000B57E5 /* Assets */,
			);
			path = "Banque Misr - iOS Exercise";
			sourceTree = "<group>";
		};
		15931D422CB1B6F600927DBE /* Banque Misr - iOS ExerciseTests */ = {
			isa = PBXGroup;
			children = (
				15931D432CB1B6F600927DBE /* Banque_Misr___iOS_ExerciseTests.swift */,
			);
			path = "Banque Misr - iOS ExerciseTests";
			sourceTree = "<group>";
		};
		15931D4C2CB1B6F600927DBE /* Banque Misr - iOS ExerciseUITests */ = {
			isa = PBXGroup;
			children = (
				15931D4D2CB1B6F600927DBE /* Banque_Misr___iOS_ExerciseUITests.swift */,
				15931D4F2CB1B6F600927DBE /* Banque_Misr___iOS_ExerciseUITestsLaunchTests.swift */,
			);
			path = "Banque Misr - iOS ExerciseUITests";
			sourceTree = "<group>";
		};
		15ADD2BA2CB226C9000B57E5 /* Home */ = {
			isa = PBXGroup;
			children = (
				15ADD2C12CB227FB000B57E5 /* Model */,
				15ADD2BC2CB226FC000B57E5 /* View */,
			);
			path = Home;
			sourceTree = "<group>";
		};
		15ADD2BB2CB226D6000B57E5 /* MovieDetails */ = {
			isa = PBXGroup;
			children = (
				15ADD2BE2CB22709000B57E5 /* View */,
			);
			path = MovieDetails;
			sourceTree = "<group>";
		};
		15ADD2BC2CB226FC000B57E5 /* View */ = {
			isa = PBXGroup;
			children = (
				15931D2D2CB1B6F400927DBE /* MoviesViewController.swift */,
				15CC51762CB1BDA000A41E72 /* MovieCollectionViewCell.swift */,
			);
			path = View;
			sourceTree = "<group>";
		};
		15ADD2BE2CB22709000B57E5 /* View */ = {
			isa = PBXGroup;
			children = (
				151C2CDF2CB1E34C00FDEB66 /* MovieDetailsViewController.swift */,
			);
			path = View;
			sourceTree = "<group>";
		};
		15ADD2C02CB22765000B57E5 /* Storyboards */ = {
			isa = PBXGroup;
			children = (
				15931D2F2CB1B6F400927DBE /* Main.storyboard */,
				15931D372CB1B6F600927DBE /* LaunchScreen.storyboard */,
			);
			path = Storyboards;
			sourceTree = "<group>";
		};
		15ADD2C12CB227FB000B57E5 /* Model */ = {
			isa = PBXGroup;
			children = (
				15CA47642CB1D050001175A0 /* MovieCategory.swift */,
			);
			path = Model;
			sourceTree = "<group>";
		};
		15ADD2F12CB2BB2C000B57E5 /* Domain */ = {
			isa = PBXGroup;
			children = (
				15ADD2F22CB2BB40000B57E5 /* Protocols */,
				15ADD2FA2CB2BE39000B57E5 /* Services */,
				15CA47612CB1D023001175A0 /* Model */,
			);
			path = Domain;
			sourceTree = "<group>";
		};
		15ADD2F22CB2BB40000B57E5 /* Protocols */ = {
			isa = PBXGroup;
			children = (
				15ADD3072CB2E9F1000B57E5 /* MovieFetchProtocol.swift */,
				15ADD3092CB2EA3A000B57E5 /* ImageLoadingProtocol.swift */,
				15C45E142CB2EAF100043339 /* NetworkMonitorProtocol.swift */,
				15C45E182CB2EC2D00043339 /* CoreDataManagerProtocol.swift */,
			);
			path = Protocols;
			sourceTree = "<group>";
		};
		15ADD2F42CB2BB97000B57E5 /* Infrastructure */ = {
			isa = PBXGroup;
			children = (
				15ADD3032CB2E8E9000B57E5 /* NetWork */,
				15ADD2FB2CB2BEA9000B57E5 /* Persistence */,
				15CA475D2CB1CFDC001175A0 /* DataSources */,
			);
			path = Infrastructure;
			sourceTree = "<group>";
		};
		15ADD2F52CB2BC05000B57E5 /* Presentation */ = {
			isa = PBXGroup;
			children = (
				15ADD2FC2CB2BED5000B57E5 /* ViewControllers */,
				15ADD2FD2CB2BF5A000B57E5 /* Enums */,
				15ADD2C02CB22765000B57E5 /* Storyboards */,
			);
			path = Presentation;
			sourceTree = "<group>";
		};
		15ADD2F72CB2BDC3000B57E5 /* Application */ = {
			isa = PBXGroup;
			children = (
				15931D2B2CB1B6F400927DBE /* SceneDelegate .swift */,
				15931D292CB1B6F400927DBE /* AppDelegate.swift */,
				15ADD2F82CB2BDED000B57E5 /* ViewModels */,
				15ADD2F92CB2BE02000B57E5 /* Coordinators */,
			);
			path = Application;
			sourceTree = "<group>";
		};
		15ADD2F82CB2BDED000B57E5 /* ViewModels */ = {
			isa = PBXGroup;
			children = (
				15C45E1B2CB2F21200043339 /* MovieDetailsViewModel.swift */,
				15ADD3012CB2D588000B57E5 /* MoviesViewModel.swift */,
			);
			path = ViewModels;
			sourceTree = "<group>";
		};
		15ADD2F92CB2BE02000B57E5 /* Coordinators */ = {
			isa = PBXGroup;
			children = (
				15ADD2CE2CB24267000B57E5 /* AppCoordinator.swift */,
			);
			path = Coordinators;
			sourceTree = "<group>";
		};
		15ADD2FA2CB2BE39000B57E5 /* Services */ = {
			isa = PBXGroup;
			children = (
				15ADD2C82CB22D38000B57E5 /* Connectivty.swift */,
			);
			path = Services;
			sourceTree = "<group>";
		};
		15ADD2FB2CB2BEA9000B57E5 /* Persistence */ = {
			isa = PBXGroup;
			children = (
				15ADD2ED2CB2B047000B57E5 /* BanqueMisriOSExercise.xcdatamodeld */,
			);
			name = Persistence;
			sourceTree = "<group>";
		};
		15ADD2FC2CB2BED5000B57E5 /* ViewControllers */ = {
			isa = PBXGroup;
			children = (
				15ADD2BA2CB226C9000B57E5 /* Home */,
				15ADD2BB2CB226D6000B57E5 /* MovieDetails */,
			);
			path = ViewControllers;
			sourceTree = "<group>";
		};
		15ADD2FD2CB2BF5A000B57E5 /* Enums */ = {
			isa = PBXGroup;
			children = (
				15ADD2D02CB2451D000B57E5 /* MessageType.swift */,
				15C45E162CB2EB6E00043339 /* MovieEntityType.swift */,
			);
			path = Enums;
			sourceTree = "<group>";
		};
		15ADD2FF2CB2BFFE000B57E5 /* Assets */ = {
			isa = PBXGroup;
			children = (
				15931D352CB1B6F600927DBE /* Assets.xcassets */,
			);
			path = Assets;
			sourceTree = "<group>";
		};
		15ADD3032CB2E8E9000B57E5 /* NetWork */ = {
			isa = PBXGroup;
			children = (
				15CA475F2CB1D003001175A0 /* NetworkManager.swift */,
				15ADD3042CB2E914000B57E5 /* ImageLoader.swift */,
			);
			path = NetWork;
			sourceTree = "<group>";
		};
		15CA475D2CB1CFDC001175A0 /* DataSources */ = {
			isa = PBXGroup;
			children = (
				15ADD2DE2CB263A8000B57E5 /* CoreDataManager.swift */,
			);
			path = DataSources;
			sourceTree = "<group>";
		};
		15CA47612CB1D023001175A0 /* Model */ = {
			isa = PBXGroup;
			children = (
				15ADD2E82CB29652000B57E5 /* MovieDetailModel.swift */,
				15CA47622CB1D02E001175A0 /* MoviesModel.swift */,
			);
			path = Model;
			sourceTree = "<group>";
		};
/* End PBXGroup section */

/* Begin PBXNativeTarget section */
		15931D252CB1B6F400927DBE /* Banque Misr - iOS Exercise */ = {
			isa = PBXNativeTarget;
			buildConfigurationList = 15931D532CB1B6F600927DBE /* Build configuration list for PBXNativeTarget "Banque Misr - iOS Exercise" */;
			buildPhases = (
				15931D222CB1B6F400927DBE /* Sources */,
				15931D232CB1B6F400927DBE /* Frameworks */,
				15931D242CB1B6F400927DBE /* Resources */,
			);
			buildRules = (
			);
			dependencies = (
			);
			name = "Banque Misr - iOS Exercise";
			productName = "Banque Misr - iOS Exercise";
			productReference = 15931D262CB1B6F400927DBE /* Banque Misr - iOS Exercise.app */;
			productType = "com.apple.product-type.application";
		};
		15931D3E2CB1B6F600927DBE /* Banque Misr - iOS ExerciseTests */ = {
			isa = PBXNativeTarget;
			buildConfigurationList = 15931D562CB1B6F600927DBE /* Build configuration list for PBXNativeTarget "Banque Misr - iOS ExerciseTests" */;
			buildPhases = (
				15931D3B2CB1B6F600927DBE /* Sources */,
				15931D3C2CB1B6F600927DBE /* Frameworks */,
				15931D3D2CB1B6F600927DBE /* Resources */,
			);
			buildRules = (
			);
			dependencies = (
				15931D412CB1B6F600927DBE /* PBXTargetDependency */,
			);
			name = "Banque Misr - iOS ExerciseTests";
			productName = "Banque Misr - iOS ExerciseTests";
			productReference = 15931D3F2CB1B6F600927DBE /* Banque Misr - iOS ExerciseTests.xctest */;
			productType = "com.apple.product-type.bundle.unit-test";
		};
		15931D482CB1B6F600927DBE /* Banque Misr - iOS ExerciseUITests */ = {
			isa = PBXNativeTarget;
			buildConfigurationList = 15931D592CB1B6F600927DBE /* Build configuration list for PBXNativeTarget "Banque Misr - iOS ExerciseUITests" */;
			buildPhases = (
				15931D452CB1B6F600927DBE /* Sources */,
				15931D462CB1B6F600927DBE /* Frameworks */,
				15931D472CB1B6F600927DBE /* Resources */,
			);
			buildRules = (
			);
			dependencies = (
				15931D4B2CB1B6F600927DBE /* PBXTargetDependency */,
			);
			name = "Banque Misr - iOS ExerciseUITests";
			productName = "Banque Misr - iOS ExerciseUITests";
			productReference = 15931D492CB1B6F600927DBE /* Banque Misr - iOS ExerciseUITests.xctest */;
			productType = "com.apple.product-type.bundle.ui-testing";
		};
/* End PBXNativeTarget section */

/* Begin PBXProject section */
		15931D1E2CB1B6F400927DBE /* Project object */ = {
			isa = PBXProject;
			attributes = {
				BuildIndependentTargetsInParallel = 1;
				LastSwiftUpdateCheck = 1540;
				LastUpgradeCheck = 1540;
				TargetAttributes = {
					15931D252CB1B6F400927DBE = {
						CreatedOnToolsVersion = 15.4;
					};
					15931D3E2CB1B6F600927DBE = {
						CreatedOnToolsVersion = 15.4;
						TestTargetID = 15931D252CB1B6F400927DBE;
					};
					15931D482CB1B6F600927DBE = {
						CreatedOnToolsVersion = 15.4;
						TestTargetID = 15931D252CB1B6F400927DBE;
					};
				};
			};
			buildConfigurationList = 15931D212CB1B6F400927DBE /* Build configuration list for PBXProject "Banque Misr - iOS Exercise" */;
			compatibilityVersion = "Xcode 14.0";
			developmentRegion = en;
			hasScannedForEncodings = 0;
			knownRegions = (
				en,
				Base,
			);
			mainGroup = 15931D1D2CB1B6F400927DBE;
			productRefGroup = 15931D272CB1B6F400927DBE /* Products */;
			projectDirPath = "";
			projectRoot = "";
			targets = (
				15931D252CB1B6F400927DBE /* Banque Misr - iOS Exercise */,
				15931D3E2CB1B6F600927DBE /* Banque Misr - iOS ExerciseTests */,
				15931D482CB1B6F600927DBE /* Banque Misr - iOS ExerciseUITests */,
			);
		};
/* End PBXProject section */

/* Begin PBXResourcesBuildPhase section */
		15931D242CB1B6F400927DBE /* Resources */ = {
			isa = PBXResourcesBuildPhase;
			buildActionMask = 2147483647;
			files = (
				15931D362CB1B6F600927DBE /* Assets.xcassets in Resources */,
				15931D392CB1B6F600927DBE /* Base in Resources */,
				15931D312CB1B6F400927DBE /* Base in Resources */,
			);
			runOnlyForDeploymentPostprocessing = 0;
		};
		15931D3D2CB1B6F600927DBE /* Resources */ = {
			isa = PBXResourcesBuildPhase;
			buildActionMask = 2147483647;
			files = (
			);
			runOnlyForDeploymentPostprocessing = 0;
		};
		15931D472CB1B6F600927DBE /* Resources */ = {
			isa = PBXResourcesBuildPhase;
			buildActionMask = 2147483647;
			files = (
			);
			runOnlyForDeploymentPostprocessing = 0;
		};
/* End PBXResourcesBuildPhase section */

/* Begin PBXSourcesBuildPhase section */
		15931D222CB1B6F400927DBE /* Sources */ = {
			isa = PBXSourcesBuildPhase;
			buildActionMask = 2147483647;
			files = (
				15ADD2CF2CB24267000B57E5 /* AppCoordinator.swift in Sources */,
				15ADD2C92CB22D38000B57E5 /* Connectivty.swift in Sources */,
				15CA47632CB1D02E001175A0 /* MoviesModel.swift in Sources */,
				15C45E172CB2EB6E00043339 /* MovieEntityType.swift in Sources */,
				151C2CE02CB1E34C00FDEB66 /* MovieDetailsViewController.swift in Sources */,
				15ADD30A2CB2EA3A000B57E5 /* ImageLoadingProtocol.swift in Sources */,
				15ADD3022CB2D588000B57E5 /* MoviesViewModel.swift in Sources */,
				15931D2E2CB1B6F400927DBE /* MoviesViewController.swift in Sources */,
				15ADD3052CB2E914000B57E5 /* ImageLoader.swift in Sources */,
				15CC51772CB1BDA000A41E72 /* MovieCollectionViewCell.swift in Sources */,
				15ADD2DF2CB263A8000B57E5 /* CoreDataManager.swift in Sources */,
				15C45E192CB2EC2D00043339 /* CoreDataManagerProtocol.swift in Sources */,
				15ADD2D12CB2451D000B57E5 /* MessageType.swift in Sources */,
				15CA47652CB1D050001175A0 /* MovieCategory.swift in Sources */,
				15931D2A2CB1B6F400927DBE /* AppDelegate.swift in Sources */,
				15C45E152CB2EAF100043339 /* NetworkMonitorProtocol.swift in Sources */,
				15C45E1C2CB2F21200043339 /* MovieDetailsViewModel.swift in Sources */,
				15CA47602CB1D003001175A0 /* NetworkManager.swift in Sources */,
				15931D2C2CB1B6F400927DBE /* SceneDelegate .swift in Sources */,
				15ADD2E92CB29652000B57E5 /* MovieDetailModel.swift in Sources */,
				15ADD3082CB2E9F1000B57E5 /* MovieFetchProtocol.swift in Sources */,
				15ADD2EF2CB2B047000B57E5 /* BanqueMisriOSExercise.xcdatamodeld in Sources */,
			);
			runOnlyForDeploymentPostprocessing = 0;
		};
		15931D3B2CB1B6F600927DBE /* Sources */ = {
			isa = PBXSourcesBuildPhase;
			buildActionMask = 2147483647;
			files = (
				15931D442CB1B6F600927DBE /* Banque_Misr___iOS_ExerciseTests.swift in Sources */,
			);
			runOnlyForDeploymentPostprocessing = 0;
		};
		15931D452CB1B6F600927DBE /* Sources */ = {
			isa = PBXSourcesBuildPhase;
			buildActionMask = 2147483647;
			files = (
				15931D4E2CB1B6F600927DBE /* Banque_Misr___iOS_ExerciseUITests.swift in Sources */,
				15931D502CB1B6F600927DBE /* Banque_Misr___iOS_ExerciseUITestsLaunchTests.swift in Sources */,
			);
			runOnlyForDeploymentPostprocessing = 0;
		};
/* End PBXSourcesBuildPhase section */

/* Begin PBXTargetDependency section */
		15931D412CB1B6F600927DBE /* PBXTargetDependency */ = {
			isa = PBXTargetDependency;
			target = 15931D252CB1B6F400927DBE /* Banque Misr - iOS Exercise */;
			targetProxy = 15931D402CB1B6F600927DBE /* PBXContainerItemProxy */;
		};
		15931D4B2CB1B6F600927DBE /* PBXTargetDependency */ = {
			isa = PBXTargetDependency;
			target = 15931D252CB1B6F400927DBE /* Banque Misr - iOS Exercise */;
			targetProxy = 15931D4A2CB1B6F600927DBE /* PBXContainerItemProxy */;
		};
/* End PBXTargetDependency section */

/* Begin PBXVariantGroup section */
		15931D2F2CB1B6F400927DBE /* Main.storyboard */ = {
			isa = PBXVariantGroup;
			children = (
				15931D302CB1B6F400927DBE /* Base */,
			);
			name = Main.storyboard;
			sourceTree = "<group>";
		};
		15931D372CB1B6F600927DBE /* LaunchScreen.storyboard */ = {
			isa = PBXVariantGroup;
			children = (
				15931D382CB1B6F600927DBE /* Base */,
			);
			name = LaunchScreen.storyboard;
			sourceTree = "<group>";
		};
/* End PBXVariantGroup section */

/* Begin XCBuildConfiguration section */
		15931D512CB1B6F600927DBE /* Debug */ = {
			isa = XCBuildConfiguration;
			buildSettings = {
				ALWAYS_SEARCH_USER_PATHS = NO;
				ASSETCATALOG_COMPILER_GENERATE_SWIFT_ASSET_SYMBOL_EXTENSIONS = YES;
				CLANG_ANALYZER_NONNULL = YES;
				CLANG_ANALYZER_NUMBER_OBJECT_CONVERSION = YES_AGGRESSIVE;
				CLANG_CXX_LANGUAGE_STANDARD = "gnu++20";
				CLANG_ENABLE_MODULES = YES;
				CLANG_ENABLE_OBJC_ARC = YES;
				CLANG_ENABLE_OBJC_WEAK = YES;
				CLANG_WARN_BLOCK_CAPTURE_AUTORELEASING = YES;
				CLANG_WARN_BOOL_CONVERSION = YES;
				CLANG_WARN_COMMA = YES;
				CLANG_WARN_CONSTANT_CONVERSION = YES;
				CLANG_WARN_DEPRECATED_OBJC_IMPLEMENTATIONS = YES;
				CLANG_WARN_DIRECT_OBJC_ISA_USAGE = YES_ERROR;
				CLANG_WARN_DOCUMENTATION_COMMENTS = YES;
				CLANG_WARN_EMPTY_BODY = YES;
				CLANG_WARN_ENUM_CONVERSION = YES;
				CLANG_WARN_INFINITE_RECURSION = YES;
				CLANG_WARN_INT_CONVERSION = YES;
				CLANG_WARN_NON_LITERAL_NULL_CONVERSION = YES;
				CLANG_WARN_OBJC_IMPLICIT_RETAIN_SELF = YES;
				CLANG_WARN_OBJC_LITERAL_CONVERSION = YES;
				CLANG_WARN_OBJC_ROOT_CLASS = YES_ERROR;
				CLANG_WARN_QUOTED_INCLUDE_IN_FRAMEWORK_HEADER = YES;
				CLANG_WARN_RANGE_LOOP_ANALYSIS = YES;
				CLANG_WARN_STRICT_PROTOTYPES = YES;
				CLANG_WARN_SUSPICIOUS_MOVE = YES;
				CLANG_WARN_UNGUARDED_AVAILABILITY = YES_AGGRESSIVE;
				CLANG_WARN_UNREACHABLE_CODE = YES;
				CLANG_WARN__DUPLICATE_METHOD_MATCH = YES;
				COPY_PHASE_STRIP = NO;
				DEBUG_INFORMATION_FORMAT = dwarf;
				ENABLE_STRICT_OBJC_MSGSEND = YES;
				ENABLE_TESTABILITY = YES;
				ENABLE_USER_SCRIPT_SANDBOXING = YES;
				GCC_C_LANGUAGE_STANDARD = gnu17;
				GCC_DYNAMIC_NO_PIC = NO;
				GCC_NO_COMMON_BLOCKS = YES;
				GCC_OPTIMIZATION_LEVEL = 0;
				GCC_PREPROCESSOR_DEFINITIONS = (
					"DEBUG=1",
					"$(inherited)",
				);
				GCC_WARN_64_TO_32_BIT_CONVERSION = YES;
				GCC_WARN_ABOUT_RETURN_TYPE = YES_ERROR;
				GCC_WARN_UNDECLARED_SELECTOR = YES;
				GCC_WARN_UNINITIALIZED_AUTOS = YES_AGGRESSIVE;
				GCC_WARN_UNUSED_FUNCTION = YES;
				GCC_WARN_UNUSED_VARIABLE = YES;
				IPHONEOS_DEPLOYMENT_TARGET = 17.5;
				LOCALIZATION_PREFERS_STRING_CATALOGS = YES;
				MTL_ENABLE_DEBUG_INFO = INCLUDE_SOURCE;
				MTL_FAST_MATH = YES;
				ONLY_ACTIVE_ARCH = YES;
				SDKROOT = iphoneos;
				SWIFT_ACTIVE_COMPILATION_CONDITIONS = "DEBUG $(inherited)";
				SWIFT_OPTIMIZATION_LEVEL = "-Onone";
			};
			name = Debug;
		};
		15931D522CB1B6F600927DBE /* Release */ = {
			isa = XCBuildConfiguration;
			buildSettings = {
				ALWAYS_SEARCH_USER_PATHS = NO;
				ASSETCATALOG_COMPILER_GENERATE_SWIFT_ASSET_SYMBOL_EXTENSIONS = YES;
				CLANG_ANALYZER_NONNULL = YES;
				CLANG_ANALYZER_NUMBER_OBJECT_CONVERSION = YES_AGGRESSIVE;
				CLANG_CXX_LANGUAGE_STANDARD = "gnu++20";
				CLANG_ENABLE_MODULES = YES;
				CLANG_ENABLE_OBJC_ARC = YES;
				CLANG_ENABLE_OBJC_WEAK = YES;
				CLANG_WARN_BLOCK_CAPTURE_AUTORELEASING = YES;
				CLANG_WARN_BOOL_CONVERSION = YES;
				CLANG_WARN_COMMA = YES;
				CLANG_WARN_CONSTANT_CONVERSION = YES;
				CLANG_WARN_DEPRECATED_OBJC_IMPLEMENTATIONS = YES;
				CLANG_WARN_DIRECT_OBJC_ISA_USAGE = YES_ERROR;
				CLANG_WARN_DOCUMENTATION_COMMENTS = YES;
				CLANG_WARN_EMPTY_BODY = YES;
				CLANG_WARN_ENUM_CONVERSION = YES;
				CLANG_WARN_INFINITE_RECURSION = YES;
				CLANG_WARN_INT_CONVERSION = YES;
				CLANG_WARN_NON_LITERAL_NULL_CONVERSION = YES;
				CLANG_WARN_OBJC_IMPLICIT_RETAIN_SELF = YES;
				CLANG_WARN_OBJC_LITERAL_CONVERSION = YES;
				CLANG_WARN_OBJC_ROOT_CLASS = YES_ERROR;
				CLANG_WARN_QUOTED_INCLUDE_IN_FRAMEWORK_HEADER = YES;
				CLANG_WARN_RANGE_LOOP_ANALYSIS = YES;
				CLANG_WARN_STRICT_PROTOTYPES = YES;
				CLANG_WARN_SUSPICIOUS_MOVE = YES;
				CLANG_WARN_UNGUARDED_AVAILABILITY = YES_AGGRESSIVE;
				CLANG_WARN_UNREACHABLE_CODE = YES;
				CLANG_WARN__DUPLICATE_METHOD_MATCH = YES;
				COPY_PHASE_STRIP = NO;
				DEBUG_INFORMATION_FORMAT = "dwarf-with-dsym";
				ENABLE_NS_ASSERTIONS = NO;
				ENABLE_STRICT_OBJC_MSGSEND = YES;
				ENABLE_USER_SCRIPT_SANDBOXING = YES;
				GCC_C_LANGUAGE_STANDARD = gnu17;
				GCC_NO_COMMON_BLOCKS = YES;
				GCC_WARN_64_TO_32_BIT_CONVERSION = YES;
				GCC_WARN_ABOUT_RETURN_TYPE = YES_ERROR;
				GCC_WARN_UNDECLARED_SELECTOR = YES;
				GCC_WARN_UNINITIALIZED_AUTOS = YES_AGGRESSIVE;
				GCC_WARN_UNUSED_FUNCTION = YES;
				GCC_WARN_UNUSED_VARIABLE = YES;
				IPHONEOS_DEPLOYMENT_TARGET = 17.5;
				LOCALIZATION_PREFERS_STRING_CATALOGS = YES;
				MTL_ENABLE_DEBUG_INFO = NO;
				MTL_FAST_MATH = YES;
				SDKROOT = iphoneos;
				SWIFT_COMPILATION_MODE = wholemodule;
				VALIDATE_PRODUCT = YES;
			};
			name = Release;
		};
		15931D542CB1B6F600927DBE /* Debug */ = {
			isa = XCBuildConfiguration;
			buildSettings = {
				ASSETCATALOG_COMPILER_APPICON_NAME = AppIcon;
				ASSETCATALOG_COMPILER_GLOBAL_ACCENT_COLOR_NAME = AccentColor;
				CODE_SIGN_STYLE = Automatic;
				CURRENT_PROJECT_VERSION = 1;
				GENERATE_INFOPLIST_FILE = YES;
				INFOPLIST_FILE = "Banque Misr - iOS Exercise/Info.plist";
				INFOPLIST_KEY_UIApplicationSupportsIndirectInputEvents = YES;
				INFOPLIST_KEY_UILaunchStoryboardName = LaunchScreen;
				INFOPLIST_KEY_UIMainStoryboardFile = Main;
				INFOPLIST_KEY_UISupportedInterfaceOrientations_iPad = "UIInterfaceOrientationPortrait UIInterfaceOrientationPortraitUpsideDown UIInterfaceOrientationLandscapeLeft UIInterfaceOrientationLandscapeRight";
				INFOPLIST_KEY_UISupportedInterfaceOrientations_iPhone = "UIInterfaceOrientationPortrait UIInterfaceOrientationLandscapeLeft UIInterfaceOrientationLandscapeRight";
				LD_RUNPATH_SEARCH_PATHS = (
					"$(inherited)",
					"@executable_path/Frameworks",
				);
				MARKETING_VERSION = 1.0;
				PRODUCT_BUNDLE_IDENTIFIER = "ahmed-elgndy.Banque-Misr---iOS-Exercise";
				PRODUCT_NAME = "$(TARGET_NAME)";
				SWIFT_EMIT_LOC_STRINGS = YES;
				SWIFT_VERSION = 5.0;
				TARGETED_DEVICE_FAMILY = "1,2";
			};
			name = Debug;
		};
		15931D552CB1B6F600927DBE /* Release */ = {
			isa = XCBuildConfiguration;
			buildSettings = {
				ASSETCATALOG_COMPILER_APPICON_NAME = AppIcon;
				ASSETCATALOG_COMPILER_GLOBAL_ACCENT_COLOR_NAME = AccentColor;
				CODE_SIGN_STYLE = Automatic;
				CURRENT_PROJECT_VERSION = 1;
				GENERATE_INFOPLIST_FILE = YES;
				INFOPLIST_FILE = "Banque Misr - iOS Exercise/Info.plist";
				INFOPLIST_KEY_UIApplicationSupportsIndirectInputEvents = YES;
				INFOPLIST_KEY_UILaunchStoryboardName = LaunchScreen;
				INFOPLIST_KEY_UIMainStoryboardFile = Main;
				INFOPLIST_KEY_UISupportedInterfaceOrientations_iPad = "UIInterfaceOrientationPortrait UIInterfaceOrientationPortraitUpsideDown UIInterfaceOrientationLandscapeLeft UIInterfaceOrientationLandscapeRight";
				INFOPLIST_KEY_UISupportedInterfaceOrientations_iPhone = "UIInterfaceOrientationPortrait UIInterfaceOrientationLandscapeLeft UIInterfaceOrientationLandscapeRight";
				LD_RUNPATH_SEARCH_PATHS = (
					"$(inherited)",
					"@executable_path/Frameworks",
				);
				MARKETING_VERSION = 1.0;
				PRODUCT_BUNDLE_IDENTIFIER = "ahmed-elgndy.Banque-Misr---iOS-Exercise";
				PRODUCT_NAME = "$(TARGET_NAME)";
				SWIFT_EMIT_LOC_STRINGS = YES;
				SWIFT_VERSION = 5.0;
				TARGETED_DEVICE_FAMILY = "1,2";
			};
			name = Release;
		};
		15931D572CB1B6F600927DBE /* Debug */ = {
			isa = XCBuildConfiguration;
			buildSettings = {
				ALWAYS_EMBED_SWIFT_STANDARD_LIBRARIES = YES;
				BUNDLE_LOADER = "$(TEST_HOST)";
				CODE_SIGN_STYLE = Automatic;
				CURRENT_PROJECT_VERSION = 1;
				GENERATE_INFOPLIST_FILE = YES;
				IPHONEOS_DEPLOYMENT_TARGET = 17.5;
				MARKETING_VERSION = 1.0;
				PRODUCT_BUNDLE_IDENTIFIER = "ahmed-elgndy.Banque-Misr---iOS-ExerciseTests";
				PRODUCT_NAME = "$(TARGET_NAME)";
				SWIFT_EMIT_LOC_STRINGS = NO;
				SWIFT_VERSION = 5.0;
				TARGETED_DEVICE_FAMILY = "1,2";
				TEST_HOST = "$(BUILT_PRODUCTS_DIR)/Banque Misr - iOS Exercise.app/$(BUNDLE_EXECUTABLE_FOLDER_PATH)/Banque Misr - iOS Exercise";
			};
			name = Debug;
		};
		15931D582CB1B6F600927DBE /* Release */ = {
			isa = XCBuildConfiguration;
			buildSettings = {
				ALWAYS_EMBED_SWIFT_STANDARD_LIBRARIES = YES;
				BUNDLE_LOADER = "$(TEST_HOST)";
				CODE_SIGN_STYLE = Automatic;
				CURRENT_PROJECT_VERSION = 1;
				GENERATE_INFOPLIST_FILE = YES;
				IPHONEOS_DEPLOYMENT_TARGET = 17.5;
				MARKETING_VERSION = 1.0;
				PRODUCT_BUNDLE_IDENTIFIER = "ahmed-elgndy.Banque-Misr---iOS-ExerciseTests";
				PRODUCT_NAME = "$(TARGET_NAME)";
				SWIFT_EMIT_LOC_STRINGS = NO;
				SWIFT_VERSION = 5.0;
				TARGETED_DEVICE_FAMILY = "1,2";
				TEST_HOST = "$(BUILT_PRODUCTS_DIR)/Banque Misr - iOS Exercise.app/$(BUNDLE_EXECUTABLE_FOLDER_PATH)/Banque Misr - iOS Exercise";
			};
			name = Release;
		};
		15931D5A2CB1B6F600927DBE /* Debug */ = {
			isa = XCBuildConfiguration;
			buildSettings = {
				ALWAYS_EMBED_SWIFT_STANDARD_LIBRARIES = YES;
				CODE_SIGN_STYLE = Automatic;
				CURRENT_PROJECT_VERSION = 1;
				GENERATE_INFOPLIST_FILE = YES;
				MARKETING_VERSION = 1.0;
				PRODUCT_BUNDLE_IDENTIFIER = "ahmed-elgndy.Banque-Misr---iOS-ExerciseUITests";
				PRODUCT_NAME = "$(TARGET_NAME)";
				SWIFT_EMIT_LOC_STRINGS = NO;
				SWIFT_VERSION = 5.0;
				TARGETED_DEVICE_FAMILY = "1,2";
				TEST_TARGET_NAME = "Banque Misr - iOS Exercise";
			};
			name = Debug;
		};
		15931D5B2CB1B6F600927DBE /* Release */ = {
			isa = XCBuildConfiguration;
			buildSettings = {
				ALWAYS_EMBED_SWIFT_STANDARD_LIBRARIES = YES;
				CODE_SIGN_STYLE = Automatic;
				CURRENT_PROJECT_VERSION = 1;
				GENERATE_INFOPLIST_FILE = YES;
				MARKETING_VERSION = 1.0;
				PRODUCT_BUNDLE_IDENTIFIER = "ahmed-elgndy.Banque-Misr---iOS-ExerciseUITests";
				PRODUCT_NAME = "$(TARGET_NAME)";
				SWIFT_EMIT_LOC_STRINGS = NO;
				SWIFT_VERSION = 5.0;
				TARGETED_DEVICE_FAMILY = "1,2";
				TEST_TARGET_NAME = "Banque Misr - iOS Exercise";
			};
			name = Release;
		};
/* End XCBuildConfiguration section */

/* Begin XCConfigurationList section */
		15931D212CB1B6F400927DBE /* Build configuration list for PBXProject "Banque Misr - iOS Exercise" */ = {
			isa = XCConfigurationList;
			buildConfigurations = (
				15931D512CB1B6F600927DBE /* Debug */,
				15931D522CB1B6F600927DBE /* Release */,
			);
			defaultConfigurationIsVisible = 0;
			defaultConfigurationName = Release;
		};
		15931D532CB1B6F600927DBE /* Build configuration list for PBXNativeTarget "Banque Misr - iOS Exercise" */ = {
			isa = XCConfigurationList;
			buildConfigurations = (
				15931D542CB1B6F600927DBE /* Debug */,
				15931D552CB1B6F600927DBE /* Release */,
			);
			defaultConfigurationIsVisible = 0;
			defaultConfigurationName = Release;
		};
		15931D562CB1B6F600927DBE /* Build configuration list for PBXNativeTarget "Banque Misr - iOS ExerciseTests" */ = {
			isa = XCConfigurationList;
			buildConfigurations = (
				15931D572CB1B6F600927DBE /* Debug */,
				15931D582CB1B6F600927DBE /* Release */,
			);
			defaultConfigurationIsVisible = 0;
			defaultConfigurationName = Release;
		};
		15931D592CB1B6F600927DBE /* Build configuration list for PBXNativeTarget "Banque Misr - iOS ExerciseUITests" */ = {
			isa = XCConfigurationList;
			buildConfigurations = (
				15931D5A2CB1B6F600927DBE /* Debug */,
				15931D5B2CB1B6F600927DBE /* Release */,
			);
			defaultConfigurationIsVisible = 0;
			defaultConfigurationName = Release;
		};
/* End XCConfigurationList section */

/* Begin XCVersionGroup section */
		15ADD2ED2CB2B047000B57E5 /* BanqueMisriOSExercise.xcdatamodeld */ = {
			isa = XCVersionGroup;
			children = (
				15ADD2EE2CB2B047000B57E5 /* Banque_Misr___iOS_Exercise.xcdatamodel */,
			);
			currentVersion = 15ADD2EE2CB2B047000B57E5 /* Banque_Misr___iOS_Exercise.xcdatamodel */;
			path = BanqueMisriOSExercise.xcdatamodeld;
			sourceTree = "<group>";
			versionGroupType = wrapper.xcdatamodel;
		};
/* End XCVersionGroup section */
	};
	rootObject = 15931D1E2CB1B6F400927DBE /* Project object */;
}
